
Microsoft Visual Studio Solution File, Format Version 12.00
# Visual Studio Version 17
VisualStudioVersion = 17.11.35312.102
MinimumVisualStudioVersion = 10.0.40219.1
Project("{FAE04EC0-301F-11D3-BF4B-00C04F79EFBC}") = "Task_2", "Task_2\Task_2.csproj", "{5E429F47-7B37-45A7-8BCA-AD7A257D0D41}"
EndProject
Project("{FAE04EC0-301F-11D3-BF4B-00C04F79EFBC}") = "Task_4", "Task_4\Task_4.csproj", "{A2A1F958-839A-41BB-8843-665FD8BADE2A}"
EndProject
Global
	GlobalSection(SolutionConfigurationPlatforms) = preSolution
		Debug|Any CPU = Debug|Any CPU
		Release|Any CPU = Release|Any CPU
	EndGlobalSection
	GlobalSection(ProjectConfigurationPlatforms) = postSolution
		{5E429F47-7B37-45A7-8BCA-AD7A257D0D41}.Debug|Any CPU.ActiveCfg = Debug|Any CPU
		{5E429F47-7B37-45A7-8BCA-AD7A257D0D41}.Debug|Any CPU.Build.0 = Debug|Any CPU
		{5E429F47-7B37-45A7-8BCA-AD7A257D0D41}.Release|Any CPU.ActiveCfg = Release|Any CPU
		{5E429F47-7B37-45A7-8BCA-AD7A257D0D41}.Release|Any CPU.Build.0 = Release|Any CPU
		{A2A1F958-839A-41BB-8843-665FD8BADE2A}.Debug|Any CPU.ActiveCfg = Debug|Any CPU
		{A2A1F958-839A-41BB-8843-665FD8BADE2A}.Debug|Any CPU.Build.0 = Debug|Any CPU
		{A2A1F958-839A-41BB-8843-665FD8BADE2A}.Release|Any CPU.ActiveCfg = Release|Any CPU
		{A2A1F958-839A-41BB-8843-665FD8BADE2A}.Release|Any CPU.Build.0 = Release|Any CPU
	EndGlobalSection
	GlobalSection(SolutionProperties) = preSolution
		HideSolutionNode = FALSE
	EndGlobalSection
	GlobalSection(ExtensibilityGlobals) = postSolution
		SolutionGuid = {0A1F9386-36C8-4423-8D21-B89B3C8F0478}
	EndGlobalSection
EndGlobal
